
Microsoft Visual Studio Solution File, Format Version 12.00
# Visual Studio Version 17
VisualStudioVersion = 17.5.002.0
MinimumVisualStudioVersion = 10.0.40219.1
Project("{9A19103F-16F7-4668-BE54-9A1E7A4F7556}") = "practica3-JorgeLaraR", "practica3-JorgeLaraR.csproj", "{910086B5-D7CE-484D-A23A-388025EA87F7}"
EndProject
Global
	GlobalSection(SolutionConfigurationPlatforms) = preSolution
		Debug|Any CPU = Debug|Any CPU
		Release|Any CPU = Release|Any CPU
	EndGlobalSection
	GlobalSection(ProjectConfigurationPlatforms) = postSolution
		{910086B5-D7CE-484D-A23A-388025EA87F7}.Debug|Any CPU.ActiveCfg = Debug|Any CPU
		{910086B5-D7CE-484D-A23A-388025EA87F7}.Debug|Any CPU.Build.0 = Debug|Any CPU
		{910086B5-D7CE-484D-A23A-388025EA87F7}.Release|Any CPU.ActiveCfg = Release|Any CPU
		{910086B5-D7CE-484D-A23A-388025EA87F7}.Release|Any CPU.Build.0 = Release|Any CPU
	EndGlobalSection
	GlobalSection(SolutionProperties) = preSolution
		HideSolutionNode = FALSE
	EndGlobalSection
	GlobalSection(ExtensibilityGlobals) = postSolution
		SolutionGuid = {42093B90-ABC0-40A2-AE2F-7DA218980833}
	EndGlobalSection
EndGlobal
